
Microsoft Visual Studio Solution File, Format Version 12.00
# Visual Studio 15
VisualStudioVersion = 15.0.28307.705
MinimumVisualStudioVersion = 10.0.40219.1
Project("{FAE04EC0-301F-11D3-BF4B-00C04F79EFBC}") = "Calculatrice", "Calculatrice\Calculatrice.csproj", "{71A3AAB1-641B-40BB-9299-6C0F8AC38A12}"
EndProject
Global
	GlobalSection(SolutionConfigurationPlatforms) = preSolution
		Debug|Any CPU = Debug|Any CPU
		Release|Any CPU = Release|Any CPU
	EndGlobalSection
	GlobalSection(ProjectConfigurationPlatforms) = postSolution
		{71A3AAB1-641B-40BB-9299-6C0F8AC38A12}.Debug|Any CPU.ActiveCfg = Debug|Any CPU
		{71A3AAB1-641B-40BB-9299-6C0F8AC38A12}.Debug|Any CPU.Build.0 = Debug|Any CPU
		{71A3AAB1-641B-40BB-9299-6C0F8AC38A12}.Release|Any CPU.ActiveCfg = Release|Any CPU
		{71A3AAB1-641B-40BB-9299-6C0F8AC38A12}.Release|Any CPU.Build.0 = Release|Any CPU
	EndGlobalSection
	GlobalSection(SolutionProperties) = preSolution
		HideSolutionNode = FALSE
	EndGlobalSection
	GlobalSection(ExtensibilityGlobals) = postSolution
		SolutionGuid = {19FFF328-48F0-4183-87C3-8063E44FAD37}
	EndGlobalSection
EndGlobal
